
Microsoft Visual Studio Solution File, Format Version 12.00
# Visual Studio Version 17
VisualStudioVersion = 17.5.33516.290
MinimumVisualStudioVersion = 10.0.40219.1
Project("{FAE04EC0-301F-11D3-BF4B-00C04F79EFBC}") = "MyLeasing.Common", "MyLeasing.Common\MyLeasing.Common.csproj", "{D3C4A6A5-A628-4654-AF7E-7E5B6BA560BE}"
EndProject
Project("{FAE04EC0-301F-11D3-BF4B-00C04F79EFBC}") = "MyLeasing.Web", "MyLeasing.Web\MyLeasing.Web.csproj", "{F872AAE2-FCF9-418D-86A6-BFC4DD11F5E0}"
EndProject
Global
	GlobalSection(SolutionConfigurationPlatforms) = preSolution
		Debug|Any CPU = Debug|Any CPU
		Release|Any CPU = Release|Any CPU
	EndGlobalSection
	GlobalSection(ProjectConfigurationPlatforms) = postSolution
		{D3C4A6A5-A628-4654-AF7E-7E5B6BA560BE}.Debug|Any CPU.ActiveCfg = Debug|Any CPU
		{D3C4A6A5-A628-4654-AF7E-7E5B6BA560BE}.Debug|Any CPU.Build.0 = Debug|Any CPU
		{D3C4A6A5-A628-4654-AF7E-7E5B6BA560BE}.Release|Any CPU.ActiveCfg = Release|Any CPU
		{D3C4A6A5-A628-4654-AF7E-7E5B6BA560BE}.Release|Any CPU.Build.0 = Release|Any CPU
		{F872AAE2-FCF9-418D-86A6-BFC4DD11F5E0}.Debug|Any CPU.ActiveCfg = Debug|Any CPU
		{F872AAE2-FCF9-418D-86A6-BFC4DD11F5E0}.Debug|Any CPU.Build.0 = Debug|Any CPU
		{F872AAE2-FCF9-418D-86A6-BFC4DD11F5E0}.Release|Any CPU.ActiveCfg = Release|Any CPU
		{F872AAE2-FCF9-418D-86A6-BFC4DD11F5E0}.Release|Any CPU.Build.0 = Release|Any CPU
	EndGlobalSection
	GlobalSection(SolutionProperties) = preSolution
		HideSolutionNode = FALSE
	EndGlobalSection
	GlobalSection(ExtensibilityGlobals) = postSolution
		SolutionGuid = {9778AE3B-D1C0-4F72-9162-ABA22BD95207}
	EndGlobalSection
EndGlobal
